
Microsoft Visual Studio Solution File, Format Version 12.00
# Visual Studio Version 17
VisualStudioVersion = 17.1.32328.378
MinimumVisualStudioVersion = 10.0.40219.1
Project("{9A19103F-16F7-4668-BE54-9A1E7A4F7556}") = "dotnet6.wcf.poc.tests", "src\dotnet6.wcf.poc.tests\dotnet6.wcf.poc.tests.csproj", "{BD41B217-9A47-402D-BFA6-EA23569E6569}"
EndProject
Project("{FAE04EC0-301F-11D3-BF4B-00C04F79EFBC}") = "dotnet6.wcf.poc", "src\dotnet6.wcf.poc\dotnet6.wcf.poc.csproj", "{4D936289-04DF-4D60-8A4A-110B4C1AE8BB}"
EndProject
Global
	GlobalSection(SolutionConfigurationPlatforms) = preSolution
		Debug|Any CPU = Debug|Any CPU
		Release|Any CPU = Release|Any CPU
	EndGlobalSection
	GlobalSection(ProjectConfigurationPlatforms) = postSolution
		{BD41B217-9A47-402D-BFA6-EA23569E6569}.Debug|Any CPU.ActiveCfg = Debug|Any CPU
		{BD41B217-9A47-402D-BFA6-EA23569E6569}.Debug|Any CPU.Build.0 = Debug|Any CPU
		{BD41B217-9A47-402D-BFA6-EA23569E6569}.Release|Any CPU.ActiveCfg = Release|Any CPU
		{BD41B217-9A47-402D-BFA6-EA23569E6569}.Release|Any CPU.Build.0 = Release|Any CPU
		{4D936289-04DF-4D60-8A4A-110B4C1AE8BB}.Debug|Any CPU.ActiveCfg = Debug|Any CPU
		{4D936289-04DF-4D60-8A4A-110B4C1AE8BB}.Debug|Any CPU.Build.0 = Debug|Any CPU
		{4D936289-04DF-4D60-8A4A-110B4C1AE8BB}.Release|Any CPU.ActiveCfg = Release|Any CPU
		{4D936289-04DF-4D60-8A4A-110B4C1AE8BB}.Release|Any CPU.Build.0 = Release|Any CPU
	EndGlobalSection
	GlobalSection(SolutionProperties) = preSolution
		HideSolutionNode = FALSE
	EndGlobalSection
	GlobalSection(ExtensibilityGlobals) = postSolution
		SolutionGuid = {5C5B4896-50E8-4F45-9F3C-20668FFBD43D}
	EndGlobalSection
EndGlobal
